
Microsoft Visual Studio Solution File, Format Version 12.00
# Visual Studio Version 16
VisualStudioVersion = 16.0.31205.134
MinimumVisualStudioVersion = 10.0.40219.1
Project("{2150E333-8FDC-42A3-9474-1A3956D46DE8}") = "3 - Domain", "3 - Domain", "{9CC56C62-E14A-4DCA-9BDB-7513CC8EA4E8}"
EndProject
Project("{2150E333-8FDC-42A3-9474-1A3956D46DE8}") = "2 - Application", "2 - Application", "{70DC86EA-5EE6-457F-8177-B9EF9B6C9984}"
EndProject
Project("{2150E333-8FDC-42A3-9474-1A3956D46DE8}") = "4 - Data", "4 - Data", "{6AF9ADBC-EE73-474A-8440-B32AE2558014}"
EndProject
Project("{2150E333-8FDC-42A3-9474-1A3956D46DE8}") = "5 - Infra", "5 - Infra", "{A029AAF7-7828-469A-AC3C-F3B45655B519}"
EndProject
Project("{9A19103F-16F7-4668-BE54-9A1E7A4F7556}") = "GoFinance.Domain", "src\GoFinance.Domain\GoFinance.Domain.csproj", "{2E3983A7-D884-4788-9CBC-9AE294E74711}"
EndProject
Project("{9A19103F-16F7-4668-BE54-9A1E7A4F7556}") = "GoFinance.Domain.Core", "src\GoFinance.Domain.Core\GoFinance.Domain.Core.csproj", "{3C7AF65B-6C8F-46EB-B1D5-3495BA2C69D5}"
EndProject
Project("{9A19103F-16F7-4668-BE54-9A1E7A4F7556}") = "GoFinance.Domain.tests", "tests\GoFinance.Domain.tests\GoFinance.Domain.tests.csproj", "{FB3E0E88-5602-4088-9FC6-CD0288F18F7A}"
EndProject
Project("{2150E333-8FDC-42A3-9474-1A3956D46DE8}") = "1 - UI", "1 - UI", "{4659E94A-6277-4FE3-8792-449FCFEEDD41}"
EndProject
Project("{9A19103F-16F7-4668-BE54-9A1E7A4F7556}") = "GoFinance.Data", "src\GoFinance.Data\GoFinance.Data.csproj", "{9CA715F2-5BA5-4991-A8FC-3FAD26A790F5}"
EndProject
Project("{9A19103F-16F7-4668-BE54-9A1E7A4F7556}") = "GoFinance.Application", "src\GoFinance.Application\GoFinance.Application.csproj", "{983716BE-A275-4498-B778-13810021977E}"
EndProject
Project("{9A19103F-16F7-4668-BE54-9A1E7A4F7556}") = "GoFinance.Infra.IoC", "src\GoFinance.Infra.IoC\GoFinance.Infra.IoC.csproj", "{64A9E6C1-75D0-4B8E-BBE6-A4DD9A708EF4}"
EndProject
Project("{FAE04EC0-301F-11D3-BF4B-00C04F79EFBC}") = "GoFinance.Service", "src\GoFinance.Service\GoFinance.Service.csproj", "{23E5A39E-2845-4DB0-97F7-1AB9B99DCC25}"
EndProject
Project("{FAE04EC0-301F-11D3-BF4B-00C04F79EFBC}") = "GoFinances.Infra.Helpers", "src\GoFinances.Infra.Helpers\GoFinances.Infra.Helpers.csproj", "{FBA24400-F20F-44B9-8AD9-2BDDA50E14F6}"
EndProject
Global
	GlobalSection(SolutionConfigurationPlatforms) = preSolution
		Debug|Any CPU = Debug|Any CPU
		Release|Any CPU = Release|Any CPU
	EndGlobalSection
	GlobalSection(ProjectConfigurationPlatforms) = postSolution
		{2E3983A7-D884-4788-9CBC-9AE294E74711}.Debug|Any CPU.ActiveCfg = Debug|Any CPU
		{2E3983A7-D884-4788-9CBC-9AE294E74711}.Debug|Any CPU.Build.0 = Debug|Any CPU
		{2E3983A7-D884-4788-9CBC-9AE294E74711}.Release|Any CPU.ActiveCfg = Release|Any CPU
		{2E3983A7-D884-4788-9CBC-9AE294E74711}.Release|Any CPU.Build.0 = Release|Any CPU
		{3C7AF65B-6C8F-46EB-B1D5-3495BA2C69D5}.Debug|Any CPU.ActiveCfg = Debug|Any CPU
		{3C7AF65B-6C8F-46EB-B1D5-3495BA2C69D5}.Debug|Any CPU.Build.0 = Debug|Any CPU
		{3C7AF65B-6C8F-46EB-B1D5-3495BA2C69D5}.Release|Any CPU.ActiveCfg = Release|Any CPU
		{3C7AF65B-6C8F-46EB-B1D5-3495BA2C69D5}.Release|Any CPU.Build.0 = Release|Any CPU
		{FB3E0E88-5602-4088-9FC6-CD0288F18F7A}.Debug|Any CPU.ActiveCfg = Debug|Any CPU
		{FB3E0E88-5602-4088-9FC6-CD0288F18F7A}.Debug|Any CPU.Build.0 = Debug|Any CPU
		{FB3E0E88-5602-4088-9FC6-CD0288F18F7A}.Release|Any CPU.ActiveCfg = Release|Any CPU
		{FB3E0E88-5602-4088-9FC6-CD0288F18F7A}.Release|Any CPU.Build.0 = Release|Any CPU
		{9CA715F2-5BA5-4991-A8FC-3FAD26A790F5}.Debug|Any CPU.ActiveCfg = Debug|Any CPU
		{9CA715F2-5BA5-4991-A8FC-3FAD26A790F5}.Debug|Any CPU.Build.0 = Debug|Any CPU
		{9CA715F2-5BA5-4991-A8FC-3FAD26A790F5}.Release|Any CPU.ActiveCfg = Release|Any CPU
		{9CA715F2-5BA5-4991-A8FC-3FAD26A790F5}.Release|Any CPU.Build.0 = Release|Any CPU
		{983716BE-A275-4498-B778-13810021977E}.Debug|Any CPU.ActiveCfg = Debug|Any CPU
		{983716BE-A275-4498-B778-13810021977E}.Debug|Any CPU.Build.0 = Debug|Any CPU
		{983716BE-A275-4498-B778-13810021977E}.Release|Any CPU.ActiveCfg = Release|Any CPU
		{983716BE-A275-4498-B778-13810021977E}.Release|Any CPU.Build.0 = Release|Any CPU
		{64A9E6C1-75D0-4B8E-BBE6-A4DD9A708EF4}.Debug|Any CPU.ActiveCfg = Debug|Any CPU
		{64A9E6C1-75D0-4B8E-BBE6-A4DD9A708EF4}.Debug|Any CPU.Build.0 = Debug|Any CPU
		{64A9E6C1-75D0-4B8E-BBE6-A4DD9A708EF4}.Release|Any CPU.ActiveCfg = Release|Any CPU
		{64A9E6C1-75D0-4B8E-BBE6-A4DD9A708EF4}.Release|Any CPU.Build.0 = Release|Any CPU
		{23E5A39E-2845-4DB0-97F7-1AB9B99DCC25}.Debug|Any CPU.ActiveCfg = Debug|Any CPU
		{23E5A39E-2845-4DB0-97F7-1AB9B99DCC25}.Debug|Any CPU.Build.0 = Debug|Any CPU
		{23E5A39E-2845-4DB0-97F7-1AB9B99DCC25}.Release|Any CPU.ActiveCfg = Release|Any CPU
		{23E5A39E-2845-4DB0-97F7-1AB9B99DCC25}.Release|Any CPU.Build.0 = Release|Any CPU
		{FBA24400-F20F-44B9-8AD9-2BDDA50E14F6}.Debug|Any CPU.ActiveCfg = Debug|Any CPU
		{FBA24400-F20F-44B9-8AD9-2BDDA50E14F6}.Debug|Any CPU.Build.0 = Debug|Any CPU
		{FBA24400-F20F-44B9-8AD9-2BDDA50E14F6}.Release|Any CPU.ActiveCfg = Release|Any CPU
		{FBA24400-F20F-44B9-8AD9-2BDDA50E14F6}.Release|Any CPU.Build.0 = Release|Any CPU
	EndGlobalSection
	GlobalSection(SolutionProperties) = preSolution
		HideSolutionNode = FALSE
	EndGlobalSection
	GlobalSection(NestedProjects) = preSolution
		{2E3983A7-D884-4788-9CBC-9AE294E74711} = {9CC56C62-E14A-4DCA-9BDB-7513CC8EA4E8}
		{3C7AF65B-6C8F-46EB-B1D5-3495BA2C69D5} = {9CC56C62-E14A-4DCA-9BDB-7513CC8EA4E8}
		{FB3E0E88-5602-4088-9FC6-CD0288F18F7A} = {9CC56C62-E14A-4DCA-9BDB-7513CC8EA4E8}
		{9CA715F2-5BA5-4991-A8FC-3FAD26A790F5} = {6AF9ADBC-EE73-474A-8440-B32AE2558014}
		{983716BE-A275-4498-B778-13810021977E} = {70DC86EA-5EE6-457F-8177-B9EF9B6C9984}
		{64A9E6C1-75D0-4B8E-BBE6-A4DD9A708EF4} = {A029AAF7-7828-469A-AC3C-F3B45655B519}
		{23E5A39E-2845-4DB0-97F7-1AB9B99DCC25} = {4659E94A-6277-4FE3-8792-449FCFEEDD41}
		{FBA24400-F20F-44B9-8AD9-2BDDA50E14F6} = {A029AAF7-7828-469A-AC3C-F3B45655B519}
	EndGlobalSection
	GlobalSection(ExtensibilityGlobals) = postSolution
		SolutionGuid = {A995A58E-9DF5-4DC7-90B9-1DB10074512A}
	EndGlobalSection
EndGlobal
